
Microsoft Visual Studio Solution File, Format Version 12.00
# Visual Studio Version 16
VisualStudioVersion = 16.0.29306.81
MinimumVisualStudioVersion = 10.0.40219.1
Project("{FAE04EC0-301F-11D3-BF4B-00C04F79EFBC}") = "WfGameProject", "WfGameProject\WfGameProject.csproj", "{4ED56E7D-1385-4C96-BF07-C0722DB6FFE2}"
EndProject
Global
	GlobalSection(SolutionConfigurationPlatforms) = preSolution
		Debug|Any CPU = Debug|Any CPU
		Release|Any CPU = Release|Any CPU
	EndGlobalSection
	GlobalSection(ProjectConfigurationPlatforms) = postSolution
		{4ED56E7D-1385-4C96-BF07-C0722DB6FFE2}.Debug|Any CPU.ActiveCfg = Debug|Any CPU
		{4ED56E7D-1385-4C96-BF07-C0722DB6FFE2}.Debug|Any CPU.Build.0 = Debug|Any CPU
		{4ED56E7D-1385-4C96-BF07-C0722DB6FFE2}.Release|Any CPU.ActiveCfg = Release|Any CPU
		{4ED56E7D-1385-4C96-BF07-C0722DB6FFE2}.Release|Any CPU.Build.0 = Release|Any CPU
	EndGlobalSection
	GlobalSection(SolutionProperties) = preSolution
		HideSolutionNode = FALSE
	EndGlobalSection
	GlobalSection(ExtensibilityGlobals) = postSolution
		SolutionGuid = {6ACD0E39-57CE-4E51-8604-AF9FEA4412D5}
	EndGlobalSection
EndGlobal
